
Microsoft Visual Studio Solution File, Format Version 12.00
# Visual Studio Version 16
VisualStudioVersion = 16.0.33529.622
MinimumVisualStudioVersion = 10.0.40219.1
Project("{FAE04EC0-301F-11D3-BF4B-00C04F79EFBC}") = "curdoperationsReact", "curdoperationsReact.csproj", "{6DB99E13-0DDF-422A-A927-32B90CF71903}"
EndProject
Global
	GlobalSection(SolutionConfigurationPlatforms) = preSolution
		Debug|Any CPU = Debug|Any CPU
		Release|Any CPU = Release|Any CPU
	EndGlobalSection
	GlobalSection(ProjectConfigurationPlatforms) = postSolution
		{6DB99E13-0DDF-422A-A927-32B90CF71903}.Debug|Any CPU.ActiveCfg = Debug|Any CPU
		{6DB99E13-0DDF-422A-A927-32B90CF71903}.Debug|Any CPU.Build.0 = Debug|Any CPU
		{6DB99E13-0DDF-422A-A927-32B90CF71903}.Release|Any CPU.ActiveCfg = Release|Any CPU
		{6DB99E13-0DDF-422A-A927-32B90CF71903}.Release|Any CPU.Build.0 = Release|Any CPU
	EndGlobalSection
	GlobalSection(SolutionProperties) = preSolution
		HideSolutionNode = FALSE
	EndGlobalSection
	GlobalSection(ExtensibilityGlobals) = postSolution
		SolutionGuid = {AC05947D-93C5-4393-A436-E5D8D23BB896}
	EndGlobalSection
EndGlobal
